
Microsoft Visual Studio Solution File, Format Version 12.00
# Visual Studio Version 17
VisualStudioVersion = 17.1.32407.343
MinimumVisualStudioVersion = 10.0.40219.1
Project("{8BC9CEB8-8B4A-11D0-8D11-00A0C91BC942}") = "Kthura2XML", "Kthura2XML.vcxproj", "{A3397D41-EB7F-4FD5-84BC-9AA6AA49ADDF}"
EndProject
Global
	GlobalSection(SolutionConfigurationPlatforms) = preSolution
		Debug|x64 = Debug|x64
		Debug|x86 = Debug|x86
		Release|x64 = Release|x64
		Release|x86 = Release|x86
	EndGlobalSection
	GlobalSection(ProjectConfigurationPlatforms) = postSolution
		{A3397D41-EB7F-4FD5-84BC-9AA6AA49ADDF}.Debug|x64.ActiveCfg = Debug|x64
		{A3397D41-EB7F-4FD5-84BC-9AA6AA49ADDF}.Debug|x64.Build.0 = Debug|x64
		{A3397D41-EB7F-4FD5-84BC-9AA6AA49ADDF}.Debug|x86.ActiveCfg = Debug|Win32
		{A3397D41-EB7F-4FD5-84BC-9AA6AA49ADDF}.Debug|x86.Build.0 = Debug|Win32
		{A3397D41-EB7F-4FD5-84BC-9AA6AA49ADDF}.Release|x64.ActiveCfg = Release|x64
		{A3397D41-EB7F-4FD5-84BC-9AA6AA49ADDF}.Release|x64.Build.0 = Release|x64
		{A3397D41-EB7F-4FD5-84BC-9AA6AA49ADDF}.Release|x86.ActiveCfg = Release|Win32
		{A3397D41-EB7F-4FD5-84BC-9AA6AA49ADDF}.Release|x86.Build.0 = Release|Win32
	EndGlobalSection
	GlobalSection(SolutionProperties) = preSolution
		HideSolutionNode = FALSE
	EndGlobalSection
	GlobalSection(ExtensibilityGlobals) = postSolution
		SolutionGuid = {AE9CE2EB-E61D-4540-B156-36C9BA06B119}
	EndGlobalSection
EndGlobal
